
Microsoft Visual Studio Solution File, Format Version 12.00
# Visual Studio 15
VisualStudioVersion = 15.0.27130.2036
MinimumVisualStudioVersion = 10.0.40219.1
Project("{FAE04EC0-301F-11D3-BF4B-00C04F79EFBC}") = "ITShop", "ITShop\ITShop.csproj", "{D9C8A5E0-DEEA-43C7-806D-B86FD446C978}"
EndProject
Global
	GlobalSection(SolutionConfigurationPlatforms) = preSolution
		Debug|Any CPU = Debug|Any CPU
		Release|Any CPU = Release|Any CPU
	EndGlobalSection
	GlobalSection(ProjectConfigurationPlatforms) = postSolution
		{D9C8A5E0-DEEA-43C7-806D-B86FD446C978}.Debug|Any CPU.ActiveCfg = Debug|Any CPU
		{D9C8A5E0-DEEA-43C7-806D-B86FD446C978}.Debug|Any CPU.Build.0 = Debug|Any CPU
		{D9C8A5E0-DEEA-43C7-806D-B86FD446C978}.Release|Any CPU.ActiveCfg = Release|Any CPU
		{D9C8A5E0-DEEA-43C7-806D-B86FD446C978}.Release|Any CPU.Build.0 = Release|Any CPU
	EndGlobalSection
	GlobalSection(SolutionProperties) = preSolution
		HideSolutionNode = FALSE
	EndGlobalSection
	GlobalSection(ExtensibilityGlobals) = postSolution
		SolutionGuid = {F9E92509-228D-4385-9753-BF102B06E2F9}
	EndGlobalSection
EndGlobal
